
Microsoft Visual Studio Solution File, Format Version 12.00
# Visual Studio 15
VisualStudioVersion = 15.0.28307.779
MinimumVisualStudioVersion = 10.0.40219.1
Project("{FAE04EC0-301F-11D3-BF4B-00C04F79EFBC}") = "PabxInfo", "PabxInfo\PabxInfo.csproj", "{4640F1B7-047D-46B3-8C94-F56B0B3F4114}"
EndProject
Project("{FAE04EC0-301F-11D3-BF4B-00C04F79EFBC}") = "PabxInfo.BLL", "PabxInfo.BLL\PabxInfo.BLL.csproj", "{575F3487-50A7-4D2E-A700-03F55F86C74E}"
EndProject
Project("{FAE04EC0-301F-11D3-BF4B-00C04F79EFBC}") = "PabxInfo.Models", "PabxInfo.Models\PabxInfo.Models.csproj", "{09167AC1-8FC6-4E87-B8B2-8225CF0DCAF3}"
EndProject
Project("{FAE04EC0-301F-11D3-BF4B-00C04F79EFBC}") = "PabxInfo.Repository", "PabxInfo.Repository\PabxInfo.Repository.csproj", "{8E7E7051-E641-40D4-BBE9-B2D584A6A340}"
EndProject
Project("{FAE04EC0-301F-11D3-BF4B-00C04F79EFBC}") = "PabxInfo.DatabaseContext", "PabxInfo.DatabaseContext\PabxInfo.DatabaseContext.csproj", "{48CD5E65-75DE-4A8F-B473-4E653728FD22}"
EndProject
Global
	GlobalSection(SolutionConfigurationPlatforms) = preSolution
		Debug|Any CPU = Debug|Any CPU
		Release|Any CPU = Release|Any CPU
	EndGlobalSection
	GlobalSection(ProjectConfigurationPlatforms) = postSolution
		{4640F1B7-047D-46B3-8C94-F56B0B3F4114}.Debug|Any CPU.ActiveCfg = Debug|Any CPU
		{4640F1B7-047D-46B3-8C94-F56B0B3F4114}.Debug|Any CPU.Build.0 = Debug|Any CPU
		{4640F1B7-047D-46B3-8C94-F56B0B3F4114}.Release|Any CPU.ActiveCfg = Release|Any CPU
		{4640F1B7-047D-46B3-8C94-F56B0B3F4114}.Release|Any CPU.Build.0 = Release|Any CPU
		{575F3487-50A7-4D2E-A700-03F55F86C74E}.Debug|Any CPU.ActiveCfg = Debug|Any CPU
		{575F3487-50A7-4D2E-A700-03F55F86C74E}.Debug|Any CPU.Build.0 = Debug|Any CPU
		{575F3487-50A7-4D2E-A700-03F55F86C74E}.Release|Any CPU.ActiveCfg = Release|Any CPU
		{575F3487-50A7-4D2E-A700-03F55F86C74E}.Release|Any CPU.Build.0 = Release|Any CPU
		{09167AC1-8FC6-4E87-B8B2-8225CF0DCAF3}.Debug|Any CPU.ActiveCfg = Debug|Any CPU
		{09167AC1-8FC6-4E87-B8B2-8225CF0DCAF3}.Debug|Any CPU.Build.0 = Debug|Any CPU
		{09167AC1-8FC6-4E87-B8B2-8225CF0DCAF3}.Release|Any CPU.ActiveCfg = Release|Any CPU
		{09167AC1-8FC6-4E87-B8B2-8225CF0DCAF3}.Release|Any CPU.Build.0 = Release|Any CPU
		{8E7E7051-E641-40D4-BBE9-B2D584A6A340}.Debug|Any CPU.ActiveCfg = Debug|Any CPU
		{8E7E7051-E641-40D4-BBE9-B2D584A6A340}.Debug|Any CPU.Build.0 = Debug|Any CPU
		{8E7E7051-E641-40D4-BBE9-B2D584A6A340}.Release|Any CPU.ActiveCfg = Release|Any CPU
		{8E7E7051-E641-40D4-BBE9-B2D584A6A340}.Release|Any CPU.Build.0 = Release|Any CPU
		{48CD5E65-75DE-4A8F-B473-4E653728FD22}.Debug|Any CPU.ActiveCfg = Debug|Any CPU
		{48CD5E65-75DE-4A8F-B473-4E653728FD22}.Debug|Any CPU.Build.0 = Debug|Any CPU
		{48CD5E65-75DE-4A8F-B473-4E653728FD22}.Release|Any CPU.ActiveCfg = Release|Any CPU
		{48CD5E65-75DE-4A8F-B473-4E653728FD22}.Release|Any CPU.Build.0 = Release|Any CPU
	EndGlobalSection
	GlobalSection(SolutionProperties) = preSolution
		HideSolutionNode = FALSE
	EndGlobalSection
	GlobalSection(ExtensibilityGlobals) = postSolution
		SolutionGuid = {77A73D51-662B-4521-9789-38CEC221804F}
	EndGlobalSection
EndGlobal
